
Microsoft Visual Studio Solution File, Format Version 12.00
# Visual Studio Version 17
VisualStudioVersion = 17.5.33516.290
MinimumVisualStudioVersion = 10.0.40219.1
Project("{FAE04EC0-301F-11D3-BF4B-00C04F79EFBC}") = "naslidyvanya_dz", "naslidyvanya_dz.csproj", "{9D363AF6-60DE-4CCE-BE75-5BAAF911EE60}"
EndProject
Global
	GlobalSection(SolutionConfigurationPlatforms) = preSolution
		Debug|Any CPU = Debug|Any CPU
		Release|Any CPU = Release|Any CPU
	EndGlobalSection
	GlobalSection(ProjectConfigurationPlatforms) = postSolution
		{9D363AF6-60DE-4CCE-BE75-5BAAF911EE60}.Debug|Any CPU.ActiveCfg = Debug|Any CPU
		{9D363AF6-60DE-4CCE-BE75-5BAAF911EE60}.Debug|Any CPU.Build.0 = Debug|Any CPU
		{9D363AF6-60DE-4CCE-BE75-5BAAF911EE60}.Release|Any CPU.ActiveCfg = Release|Any CPU
		{9D363AF6-60DE-4CCE-BE75-5BAAF911EE60}.Release|Any CPU.Build.0 = Release|Any CPU
	EndGlobalSection
	GlobalSection(SolutionProperties) = preSolution
		HideSolutionNode = FALSE
	EndGlobalSection
	GlobalSection(ExtensibilityGlobals) = postSolution
		SolutionGuid = {10BA2A4F-4436-4D79-8430-61E4F72632CD}
	EndGlobalSection
EndGlobal
